// !$*UTF8*$!
{
	archiveVersion = 1;
	classes = {
	};
	objectVersion = 50;
	objects = {

/* Begin PBXBuildFile section */
		5725100B275C09EB0074E011 /* AppDelegate.swift in Sources */ = {isa = PBXBuildFile; fileRef = 5725100A275C09EB0074E011 /* AppDelegate.swift */; };
		5725100D275C09EB0074E011 /* SceneDelegate.swift in Sources */ = {isa = PBXBuildFile; fileRef = 5725100C275C09EB0074E011 /* SceneDelegate.swift */; };
		5725100F275C09EB0074E011 /* FirstViewController.swift in Sources */ = {isa = PBXBuildFile; fileRef = 5725100E275C09EB0074E011 /* FirstViewController.swift */; };
		57251012275C09EB0074E011 /* Main.storyboard in Resources */ = {isa = PBXBuildFile; fileRef = 57251010275C09EB0074E011 /* Main.storyboard */; };
		57251014275C09EC0074E011 /* Assets.xcassets in Resources */ = {isa = PBXBuildFile; fileRef = 57251013275C09EC0074E011 /* Assets.xcassets */; };
		57251017275C09EC0074E011 /* LaunchScreen.storyboard in Resources */ = {isa = PBXBuildFile; fileRef = 57251015275C09EC0074E011 /* LaunchScreen.storyboard */; };
		57251022275C09EC0074E011 /* CloneApp2Tests.swift in Sources */ = {isa = PBXBuildFile; fileRef = 57251021275C09EC0074E011 /* CloneApp2Tests.swift */; };
		5725102D275C09EC0074E011 /* CloneApp2UITests.swift in Sources */ = {isa = PBXBuildFile; fileRef = 5725102C275C09EC0074E011 /* CloneApp2UITests.swift */; };
		5725108E275EBBE90074E011 /* OrderViewController.swift in Sources */ = {isa = PBXBuildFile; fileRef = 5725108D275EBBE90074E011 /* OrderViewController.swift */; };
		57251093275F12810074E011 /* DetailViewController.swift in Sources */ = {isa = PBXBuildFile; fileRef = 57251092275F12810074E011 /* DetailViewController.swift */; };
/* End PBXBuildFile section */

/* Begin PBXContainerItemProxy section */
		5725101E275C09EC0074E011 /* PBXContainerItemProxy */ = {
			isa = PBXContainerItemProxy;
			containerPortal = 57250FFF275C09EB0074E011 /* Project object */;
			proxyType = 1;
			remoteGlobalIDString = 57251006275C09EB0074E011;
			remoteInfo = CloneApp2;
		};
		57251029275C09EC0074E011 /* PBXContainerItemProxy */ = {
			isa = PBXContainerItemProxy;
			containerPortal = 57250FFF275C09EB0074E011 /* Project object */;
			proxyType = 1;
			remoteGlobalIDString = 57251006275C09EB0074E011;
			remoteInfo = CloneApp2;
		};
/* End PBXContainerItemProxy section */

/* Begin PBXFileReference section */
		57251007275C09EB0074E011 /* CloneApp2.app */ = {isa = PBXFileReference; explicitFileType = wrapper.application; includeInIndex = 0; path = CloneApp2.app; sourceTree = BUILT_PRODUCTS_DIR; };
		5725100A275C09EB0074E011 /* AppDelegate.swift */ = {isa = PBXFileReference; lastKnownFileType = sourcecode.swift; path = AppDelegate.swift; sourceTree = "<group>"; };
		5725100C275C09EB0074E011 /* SceneDelegate.swift */ = {isa = PBXFileReference; lastKnownFileType = sourcecode.swift; path = SceneDelegate.swift; sourceTree = "<group>"; };
		5725100E275C09EB0074E011 /* FirstViewController.swift */ = {isa = PBXFileReference; lastKnownFileType = sourcecode.swift; path = FirstViewController.swift; sourceTree = "<group>"; };
		57251011275C09EB0074E011 /* Base */ = {isa = PBXFileReference; lastKnownFileType = file.storyboard; name = Base; path = Base.lproj/Main.storyboard; sourceTree = "<group>"; };
		57251013275C09EC0074E011 /* Assets.xcassets */ = {isa = PBXFileReference; lastKnownFileType = folder.assetcatalog; path = Assets.xcassets; sourceTree = "<group>"; };
		57251016275C09EC0074E011 /* Base */ = {isa = PBXFileReference; lastKnownFileType = file.storyboard; name = Base; path = Base.lproj/LaunchScreen.storyboard; sourceTree = "<group>"; };
		57251018275C09EC0074E011 /* Info.plist */ = {isa = PBXFileReference; lastKnownFileType = text.plist.xml; path = Info.plist; sourceTree = "<group>"; };
		5725101D275C09EC0074E011 /* CloneApp2Tests.xctest */ = {isa = PBXFileReference; explicitFileType = wrapper.cfbundle; includeInIndex = 0; path = CloneApp2Tests.xctest; sourceTree = BUILT_PRODUCTS_DIR; };
		57251021275C09EC0074E011 /* CloneApp2Tests.swift */ = {isa = PBXFileReference; lastKnownFileType = sourcecode.swift; path = CloneApp2Tests.swift; sourceTree = "<group>"; };
		57251023275C09EC0074E011 /* Info.plist */ = {isa = PBXFileReference; lastKnownFileType = text.plist.xml; path = Info.plist; sourceTree = "<group>"; };
		57251028275C09EC0074E011 /* CloneApp2UITests.xctest */ = {isa = PBXFileReference; explicitFileType = wrapper.cfbundle; includeInIndex = 0; path = CloneApp2UITests.xctest; sourceTree = BUILT_PRODUCTS_DIR; };
		5725102C275C09EC0074E011 /* CloneApp2UITests.swift */ = {isa = PBXFileReference; lastKnownFileType = sourcecode.swift; path = CloneApp2UITests.swift; sourceTree = "<group>"; };
		5725102E275C09EC0074E011 /* Info.plist */ = {isa = PBXFileReference; lastKnownFileType = text.plist.xml; path = Info.plist; sourceTree = "<group>"; };
		5725108D275EBBE90074E011 /* OrderViewController.swift */ = {isa = PBXFileReference; lastKnownFileType = sourcecode.swift; path = OrderViewController.swift; sourceTree = "<group>"; };
		57251092275F12810074E011 /* DetailViewController.swift */ = {isa = PBXFileReference; lastKnownFileType = sourcecode.swift; path = DetailViewController.swift; sourceTree = "<group>"; };
/* End PBXFileReference section */

/* Begin PBXFrameworksBuildPhase section */
		57251004275C09EB0074E011 /* Frameworks */ = {
			isa = PBXFrameworksBuildPhase;
			buildActionMask = 2147483647;
			files = (
			);
			runOnlyForDeploymentPostprocessing = 0;
		};
		5725101A275C09EC0074E011 /* Frameworks */ = {
			isa = PBXFrameworksBuildPhase;
			buildActionMask = 2147483647;
			files = (
			);
			runOnlyForDeploymentPostprocessing = 0;
		};
		57251025275C09EC0074E011 /* Frameworks */ = {
			isa = PBXFrameworksBuildPhase;
			buildActionMask = 2147483647;
			files = (
			);
			runOnlyForDeploymentPostprocessing = 0;
		};
/* End PBXFrameworksBuildPhase section */

/* Begin PBXGroup section */
		57250FFE275C09EB0074E011 = {
			isa = PBXGroup;
			children = (
				57251009275C09EB0074E011 /* CloneApp2 */,
				57251020275C09EC0074E011 /* CloneApp2Tests */,
				5725102B275C09EC0074E011 /* CloneApp2UITests */,
				57251008275C09EB0074E011 /* Products */,
			);
			sourceTree = "<group>";
		};
		57251008275C09EB0074E011 /* Products */ = {
			isa = PBXGroup;
			children = (
				57251007275C09EB0074E011 /* CloneApp2.app */,
				5725101D275C09EC0074E011 /* CloneApp2Tests.xctest */,
				57251028275C09EC0074E011 /* CloneApp2UITests.xctest */,
			);
			name = Products;
			sourceTree = "<group>";
		};
		57251009275C09EB0074E011 /* CloneApp2 */ = {
			isa = PBXGroup;
			children = (
				5725100A275C09EB0074E011 /* AppDelegate.swift */,
				5725100C275C09EB0074E011 /* SceneDelegate.swift */,
				5725100E275C09EB0074E011 /* FirstViewController.swift */,
				5725108D275EBBE90074E011 /* OrderViewController.swift */,
				57251092275F12810074E011 /* DetailViewController.swift */,
				57251010275C09EB0074E011 /* Main.storyboard */,
				57251013275C09EC0074E011 /* Assets.xcassets */,
				57251015275C09EC0074E011 /* LaunchScreen.storyboard */,
				57251018275C09EC0074E011 /* Info.plist */,
			);
			path = CloneApp2;
			sourceTree = "<group>";
		};
		57251020275C09EC0074E011 /* CloneApp2Tests */ = {
			isa = PBXGroup;
			children = (
				57251021275C09EC0074E011 /* CloneApp2Tests.swift */,
				57251023275C09EC0074E011 /* Info.plist */,
			);
			path = CloneApp2Tests;
			sourceTree = "<group>";
		};
		5725102B275C09EC0074E011 /* CloneApp2UITests */ = {
			isa = PBXGroup;
			children = (
				5725102C275C09EC0074E011 /* CloneApp2UITests.swift */,
				5725102E275C09EC0074E011 /* Info.plist */,
			);
			path = CloneApp2UITests;
			sourceTree = "<group>";
		};
/* End PBXGroup section */

/* Begin PBXNativeTarget section */
		57251006275C09EB0074E011 /* CloneApp2 */ = {
			isa = PBXNativeTarget;
			buildConfigurationList = 57251031275C09EC0074E011 /* Build configuration list for PBXNativeTarget "CloneApp2" */;
			buildPhases = (
				57251003275C09EB0074E011 /* Sources */,
				57251004275C09EB0074E011 /* Frameworks */,
				57251005275C09EB0074E011 /* Resources */,
			);
			buildRules = (
			);
			dependencies = (
			);
			name = CloneApp2;
			productName = CloneApp2;
			productReference = 57251007275C09EB0074E011 /* CloneApp2.app */;
			productType = "com.apple.product-type.application";
		};
		5725101C275C09EC0074E011 /* CloneApp2Tests */ = {
			isa = PBXNativeTarget;
			buildConfigurationList = 57251034275C09EC0074E011 /* Build configuration list for PBXNativeTarget "CloneApp2Tests" */;
			buildPhases = (
				57251019275C09EC0074E011 /* Sources */,
				5725101A275C09EC0074E011 /* Frameworks */,
				5725101B275C09EC0074E011 /* Resources */,
			);
			buildRules = (
			);
			dependencies = (
				5725101F275C09EC0074E011 /* PBXTargetDependency */,
			);
			name = CloneApp2Tests;
			productName = CloneApp2Tests;
			productReference = 5725101D275C09EC0074E011 /* CloneApp2Tests.xctest */;
			productType = "com.apple.product-type.bundle.unit-test";
		};
		57251027275C09EC0074E011 /* CloneApp2UITests */ = {
			isa = PBXNativeTarget;
			buildConfigurationList = 57251037275C09EC0074E011 /* Build configuration list for PBXNativeTarget "CloneApp2UITests" */;
			buildPhases = (
				57251024275C09EC0074E011 /* Sources */,
				57251025275C09EC0074E011 /* Frameworks */,
				57251026275C09EC0074E011 /* Resources */,
			);
			buildRules = (
			);
			dependencies = (
				5725102A275C09EC0074E011 /* PBXTargetDependency */,
			);
			name = CloneApp2UITests;
			productName = CloneApp2UITests;
			productReference = 57251028275C09EC0074E011 /* CloneApp2UITests.xctest */;
			productType = "com.apple.product-type.bundle.ui-testing";
		};
/* End PBXNativeTarget section */

/* Begin PBXProject section */
		57250FFF275C09EB0074E011 /* Project object */ = {
			isa = PBXProject;
			attributes = {
				LastSwiftUpdateCheck = 1240;
				LastUpgradeCheck = 1240;
				TargetAttributes = {
					57251006275C09EB0074E011 = {
						CreatedOnToolsVersion = 12.4;
					};
					5725101C275C09EC0074E011 = {
						CreatedOnToolsVersion = 12.4;
						TestTargetID = 57251006275C09EB0074E011;
					};
					57251027275C09EC0074E011 = {
						CreatedOnToolsVersion = 12.4;
						TestTargetID = 57251006275C09EB0074E011;
					};
				};
			};
			buildConfigurationList = 57251002275C09EB0074E011 /* Build configuration list for PBXProject "CloneApp2" */;
			compatibilityVersion = "Xcode 9.3";
			developmentRegion = en;
			hasScannedForEncodings = 0;
			knownRegions = (
				en,
				Base,
			);
			mainGroup = 57250FFE275C09EB0074E011;
			productRefGroup = 57251008275C09EB0074E011 /* Products */;
			projectDirPath = "";
			projectRoot = "";
			targets = (
				57251006275C09EB0074E011 /* CloneApp2 */,
				5725101C275C09EC0074E011 /* CloneApp2Tests */,
				57251027275C09EC0074E011 /* CloneApp2UITests */,
			);
		};
/* End PBXProject section */

/* Begin PBXResourcesBuildPhase section */
		57251005275C09EB0074E011 /* Resources */ = {
			isa = PBXResourcesBuildPhase;
			buildActionMask = 2147483647;
			files = (
				57251017275C09EC0074E011 /* LaunchScreen.storyboard in Resources */,
				57251014275C09EC0074E011 /* Assets.xcassets in Resources */,
				57251012275C09EB0074E011 /* Main.storyboard in Resources */,
			);
			runOnlyForDeploymentPostprocessing = 0;
		};
		5725101B275C09EC0074E011 /* Resources */ = {
			isa = PBXResourcesBuildPhase;
			buildActionMask = 2147483647;
			files = (
			);
			runOnlyForDeploymentPostprocessing = 0;
		};
		57251026275C09EC0074E011 /* Resources */ = {
			isa = PBXResourcesBuildPhase;
			buildActionMask = 2147483647;
			files = (
			);
			runOnlyForDeploymentPostprocessing = 0;
		};
/* End PBXResourcesBuildPhase section */

/* Begin PBXSourcesBuildPhase section */
		57251003275C09EB0074E011 /* Sources */ = {
			isa = PBXSourcesBuildPhase;
			buildActionMask = 2147483647;
			files = (
				5725100F275C09EB0074E011 /* FirstViewController.swift in Sources */,
				5725100B275C09EB0074E011 /* AppDelegate.swift in Sources */,
				57251093275F12810074E011 /* DetailViewController.swift in Sources */,
				5725100D275C09EB0074E011 /* SceneDelegate.swift in Sources */,
				5725108E275EBBE90074E011 /* OrderViewController.swift in Sources */,
			);
			runOnlyForDeploymentPostprocessing = 0;
		};
		57251019275C09EC0074E011 /* Sources */ = {
			isa = PBXSourcesBuildPhase;
			buildActionMask = 2147483647;
			files = (
				57251022275C09EC0074E011 /* CloneApp2Tests.swift in Sources */,
			);
			runOnlyForDeploymentPostprocessing = 0;
		};
		57251024275C09EC0074E011 /* Sources */ = {
			isa = PBXSourcesBuildPhase;
			buildActionMask = 2147483647;
			files = (
				5725102D275C09EC0074E011 /* CloneApp2UITests.swift in Sources */,
			);
			runOnlyForDeploymentPostprocessing = 0;
		};
/* End PBXSourcesBuildPhase section */

/* Begin PBXTargetDependency section */
		5725101F275C09EC0074E011 /* PBXTargetDependency */ = {
			isa = PBXTargetDependency;
			target = 57251006275C09EB0074E011 /* CloneApp2 */;
			targetProxy = 5725101E275C09EC0074E011 /* PBXContainerItemProxy */;
		};
		5725102A275C09EC0074E011 /* PBXTargetDependency */ = {
			isa = PBXTargetDependency;
			target = 57251006275C09EB0074E011 /* CloneApp2 */;
			targetProxy = 57251029275C09EC0074E011 /* PBXContainerItemProxy */;
		};
/* End PBXTargetDependency section */

/* Begin PBXVariantGroup section */
		57251010275C09EB0074E011 /* Main.storyboard */ = {
			isa = PBXVariantGroup;
			children = (
				57251011275C09EB0074E011 /* Base */,
			);
			name = Main.storyboard;
			sourceTree = "<group>";
		};
		57251015275C09EC0074E011 /* LaunchScreen.storyboard */ = {
			isa = PBXVariantGroup;
			children = (
				57251016275C09EC0074E011 /* Base */,
			);
			name = LaunchScreen.storyboard;
			sourceTree = "<group>";
		};
/* End PBXVariantGroup section */

/* Begin XCBuildConfiguration section */
		5725102F275C09EC0074E011 /* Debug */ = {
			isa = XCBuildConfiguration;
			buildSettings = {
				ALWAYS_SEARCH_USER_PATHS = NO;
				CLANG_ANALYZER_NONNULL = YES;
				CLANG_ANALYZER_NUMBER_OBJECT_CONVERSION = YES_AGGRESSIVE;
				CLANG_CXX_LANGUAGE_STANDARD = "gnu++14";
				CLANG_CXX_LIBRARY = "libc++";
				CLANG_ENABLE_MODULES = YES;
				CLANG_ENABLE_OBJC_ARC = YES;
				CLANG_ENABLE_OBJC_WEAK = YES;
				CLANG_WARN_BLOCK_CAPTURE_AUTORELEASING = YES;
				CLANG_WARN_BOOL_CONVERSION = YES;
				CLANG_WARN_COMMA = YES;
				CLANG_WARN_CONSTANT_CONVERSION = YES;
				CLANG_WARN_DEPRECATED_OBJC_IMPLEMENTATIONS = YES;
				CLANG_WARN_DIRECT_OBJC_ISA_USAGE = YES_ERROR;
				CLANG_WARN_DOCUMENTATION_COMMENTS = YES;
				CLANG_WARN_EMPTY_BODY = YES;
				CLANG_WARN_ENUM_CONVERSION = YES;
				CLANG_WARN_INFINITE_RECURSION = YES;
				CLANG_WARN_INT_CONVERSION = YES;
				CLANG_WARN_NON_LITERAL_NULL_CONVERSION = YES;
				CLANG_WARN_OBJC_IMPLICIT_RETAIN_SELF = YES;
				CLANG_WARN_OBJC_LITERAL_CONVERSION = YES;
				CLANG_WARN_OBJC_ROOT_CLASS = YES_ERROR;
				CLANG_WARN_QUOTED_INCLUDE_IN_FRAMEWORK_HEADER = YES;
				CLANG_WARN_RANGE_LOOP_ANALYSIS = YES;
				CLANG_WARN_STRICT_PROTOTYPES = YES;
				CLANG_WARN_SUSPICIOUS_MOVE = YES;
				CLANG_WARN_UNGUARDED_AVAILABILITY = YES_AGGRESSIVE;
				CLANG_WARN_UNREACHABLE_CODE = YES;
				CLANG_WARN__DUPLICATE_METHOD_MATCH = YES;
				COPY_PHASE_STRIP = NO;
				DEBUG_INFORMATION_FORMAT = dwarf;
				ENABLE_STRICT_OBJC_MSGSEND = YES;
				ENABLE_TESTABILITY = YES;
				GCC_C_LANGUAGE_STANDARD = gnu11;
				GCC_DYNAMIC_NO_PIC = NO;
				GCC_NO_COMMON_BLOCKS = YES;
				GCC_OPTIMIZATION_LEVEL = 0;
				GCC_PREPROCESSOR_DEFINITIONS = (
					"DEBUG=1",
					"$(inherited)",
				);
				GCC_WARN_64_TO_32_BIT_CONVERSION = YES;
				GCC_WARN_ABOUT_RETURN_TYPE = YES_ERROR;
				GCC_WARN_UNDECLARED_SELECTOR = YES;
				GCC_WARN_UNINITIALIZED_AUTOS = YES_AGGRESSIVE;
				GCC_WARN_UNUSED_FUNCTION = YES;
				GCC_WARN_UNUSED_VARIABLE = YES;
				IPHONEOS_DEPLOYMENT_TARGET = 14.4;
				MTL_ENABLE_DEBUG_INFO = INCLUDE_SOURCE;
				MTL_FAST_MATH = YES;
				ONLY_ACTIVE_ARCH = YES;
				SDKROOT = iphoneos;
				SWIFT_ACTIVE_COMPILATION_CONDITIONS = DEBUG;
				SWIFT_OPTIMIZATION_LEVEL = "-Onone";
			};
			name = Debug;
		};
		57251030275C09EC0074E011 /* Release */ = {
			isa = XCBuildConfiguration;
			buildSettings = {
				ALWAYS_SEARCH_USER_PATHS = NO;
				CLANG_ANALYZER_NONNULL = YES;
				CLANG_ANALYZER_NUMBER_OBJECT_CONVERSION = YES_AGGRESSIVE;
				CLANG_CXX_LANGUAGE_STANDARD = "gnu++14";
				CLANG_CXX_LIBRARY = "libc++";
				CLANG_ENABLE_MODULES = YES;
				CLANG_ENABLE_OBJC_ARC = YES;
				CLANG_ENABLE_OBJC_WEAK = YES;
				CLANG_WARN_BLOCK_CAPTURE_AUTORELEASING = YES;
				CLANG_WARN_BOOL_CONVERSION = YES;
				CLANG_WARN_COMMA = YES;
				CLANG_WARN_CONSTANT_CONVERSION = YES;
				CLANG_WARN_DEPRECATED_OBJC_IMPLEMENTATIONS = YES;
				CLANG_WARN_DIRECT_OBJC_ISA_USAGE = YES_ERROR;
				CLANG_WARN_DOCUMENTATION_COMMENTS = YES;
				CLANG_WARN_EMPTY_BODY = YES;
				CLANG_WARN_ENUM_CONVERSION = YES;
				CLANG_WARN_INFINITE_RECURSION = YES;
				CLANG_WARN_INT_CONVERSION = YES;
				CLANG_WARN_NON_LITERAL_NULL_CONVERSION = YES;
				CLANG_WARN_OBJC_IMPLICIT_RETAIN_SELF = YES;
				CLANG_WARN_OBJC_LITERAL_CONVERSION = YES;
				CLANG_WARN_OBJC_ROOT_CLASS = YES_ERROR;
				CLANG_WARN_QUOTED_INCLUDE_IN_FRAMEWORK_HEADER = YES;
				CLANG_WARN_RANGE_LOOP_ANALYSIS = YES;
				CLANG_WARN_STRICT_PROTOTYPES = YES;
				CLANG_WARN_SUSPICIOUS_MOVE = YES;
				CLANG_WARN_UNGUARDED_AVAILABILITY = YES_AGGRESSIVE;
				CLANG_WARN_UNREACHABLE_CODE = YES;
				CLANG_WARN__DUPLICATE_METHOD_MATCH = YES;
				COPY_PHASE_STRIP = NO;
				DEBUG_INFORMATION_FORMAT = "dwarf-with-dsym";
				ENABLE_NS_ASSERTIONS = NO;
				ENABLE_STRICT_OBJC_MSGSEND = YES;
				GCC_C_LANGUAGE_STANDARD = gnu11;
				GCC_NO_COMMON_BLOCKS = YES;
				GCC_WARN_64_TO_32_BIT_CONVERSION = YES;
				GCC_WARN_ABOUT_RETURN_TYPE = YES_ERROR;
				GCC_WARN_UNDECLARED_SELECTOR = YES;
				GCC_WARN_UNINITIALIZED_AUTOS = YES_AGGRESSIVE;
				GCC_WARN_UNUSED_FUNCTION = YES;
				GCC_WARN_UNUSED_VARIABLE = YES;
				IPHONEOS_DEPLOYMENT_TARGET = 14.4;
				MTL_ENABLE_DEBUG_INFO = NO;
				MTL_FAST_MATH = YES;
				SDKROOT = iphoneos;
				SWIFT_COMPILATION_MODE = wholemodule;
				SWIFT_OPTIMIZATION_LEVEL = "-O";
				VALIDATE_PRODUCT = YES;
			};
			name = Release;
		};
		57251032275C09EC0074E011 /* Debug */ = {
			isa = XCBuildConfiguration;
			buildSettings = {
				ASSETCATALOG_COMPILER_APPICON_NAME = AppIcon;
				ASSETCATALOG_COMPILER_GLOBAL_ACCENT_COLOR_NAME = AccentColor;
				CODE_SIGN_STYLE = Automatic;
				INFOPLIST_FILE = CloneApp2/Info.plist;
				LD_RUNPATH_SEARCH_PATHS = (
					"$(inherited)",
					"@executable_path/Frameworks",
				);
				PRODUCT_BUNDLE_IDENTIFIER = com.prodvssw.98.CloneApp2;
				PRODUCT_NAME = "$(TARGET_NAME)";
				SWIFT_VERSION = 5.0;
				TARGETED_DEVICE_FAMILY = "1,2";
			};
			name = Debug;
		};
		57251033275C09EC0074E011 /* Release */ = {
			isa = XCBuildConfiguration;
			buildSettings = {
				ASSETCATALOG_COMPILER_APPICON_NAME = AppIcon;
				ASSETCATALOG_COMPILER_GLOBAL_ACCENT_COLOR_NAME = AccentColor;
				CODE_SIGN_STYLE = Automatic;
				INFOPLIST_FILE = CloneApp2/Info.plist;
				LD_RUNPATH_SEARCH_PATHS = (
					"$(inherited)",
					"@executable_path/Frameworks",
				);
				PRODUCT_BUNDLE_IDENTIFIER = com.prodvssw.98.CloneApp2;
				PRODUCT_NAME = "$(TARGET_NAME)";
				SWIFT_VERSION = 5.0;
				TARGETED_DEVICE_FAMILY = "1,2";
			};
			name = Release;
		};
		57251035275C09EC0074E011 /* Debug */ = {
			isa = XCBuildConfiguration;
			buildSettings = {
				ALWAYS_EMBED_SWIFT_STANDARD_LIBRARIES = YES;
				BUNDLE_LOADER = "$(TEST_HOST)";
				CODE_SIGN_STYLE = Automatic;
				INFOPLIST_FILE = CloneApp2Tests/Info.plist;
				IPHONEOS_DEPLOYMENT_TARGET = 14.4;
				LD_RUNPATH_SEARCH_PATHS = (
					"$(inherited)",
					"@executable_path/Frameworks",
					"@loader_path/Frameworks",
				);
				PRODUCT_BUNDLE_IDENTIFIER = com.prodvssw.98.CloneApp2Tests;
				PRODUCT_NAME = "$(TARGET_NAME)";
				SWIFT_VERSION = 5.0;
				TARGETED_DEVICE_FAMILY = "1,2";
				TEST_HOST = "$(BUILT_PRODUCTS_DIR)/CloneApp2.app/CloneApp2";
			};
			name = Debug;
		};
		57251036275C09EC0074E011 /* Release */ = {
			isa = XCBuildConfiguration;
			buildSettings = {
				ALWAYS_EMBED_SWIFT_STANDARD_LIBRARIES = YES;
				BUNDLE_LOADER = "$(TEST_HOST)";
				CODE_SIGN_STYLE = Automatic;
				INFOPLIST_FILE = CloneApp2Tests/Info.plist;
				IPHONEOS_DEPLOYMENT_TARGET = 14.4;
				LD_RUNPATH_SEARCH_PATHS = (
					"$(inherited)",
					"@executable_path/Frameworks",
					"@loader_path/Frameworks",
				);
				PRODUCT_BUNDLE_IDENTIFIER = com.prodvssw.98.CloneApp2Tests;
				PRODUCT_NAME = "$(TARGET_NAME)";
				SWIFT_VERSION = 5.0;
				TARGETED_DEVICE_FAMILY = "1,2";
				TEST_HOST = "$(BUILT_PRODUCTS_DIR)/CloneApp2.app/CloneApp2";
			};
			name = Release;
		};
		57251038275C09EC0074E011 /* Debug */ = {
			isa = XCBuildConfiguration;
			buildSettings = {
				ALWAYS_EMBED_SWIFT_STANDARD_LIBRARIES = YES;
				CODE_SIGN_STYLE = Automatic;
				INFOPLIST_FILE = CloneApp2UITests/Info.plist;
				LD_RUNPATH_SEARCH_PATHS = (
					"$(inherited)",
					"@executable_path/Frameworks",
					"@loader_path/Frameworks",
				);
				PRODUCT_BUNDLE_IDENTIFIER = com.prodvssw.98.CloneApp2UITests;
				PRODUCT_NAME = "$(TARGET_NAME)";
				SWIFT_VERSION = 5.0;
				TARGETED_DEVICE_FAMILY = "1,2";
				TEST_TARGET_NAME = CloneApp2;
			};
			name = Debug;
		};
		57251039275C09EC0074E011 /* Release */ = {
			isa = XCBuildConfiguration;
			buildSettings = {
				ALWAYS_EMBED_SWIFT_STANDARD_LIBRARIES = YES;
				CODE_SIGN_STYLE = Automatic;
				INFOPLIST_FILE = CloneApp2UITests/Info.plist;
				LD_RUNPATH_SEARCH_PATHS = (
					"$(inherited)",
					"@executable_path/Frameworks",
					"@loader_path/Frameworks",
				);
				PRODUCT_BUNDLE_IDENTIFIER = com.prodvssw.98.CloneApp2UITests;
				PRODUCT_NAME = "$(TARGET_NAME)";
				SWIFT_VERSION = 5.0;
				TARGETED_DEVICE_FAMILY = "1,2";
				TEST_TARGET_NAME = CloneApp2;
			};
			name = Release;
		};
/* End XCBuildConfiguration section */

/* Begin XCConfigurationList section */
		57251002275C09EB0074E011 /* Build configuration list for PBXProject "CloneApp2" */ = {
			isa = XCConfigurationList;
			buildConfigurations = (
				5725102F275C09EC0074E011 /* Debug */,
				57251030275C09EC0074E011 /* Release */,
			);
			defaultConfigurationIsVisible = 0;
			defaultConfigurationName = Release;
		};
		57251031275C09EC0074E011 /* Build configuration list for PBXNativeTarget "CloneApp2" */ = {
			isa = XCConfigurationList;
			buildConfigurations = (
				57251032275C09EC0074E011 /* Debug */,
				57251033275C09EC0074E011 /* Release */,
			);
			defaultConfigurationIsVisible = 0;
			defaultConfigurationName = Release;
		};
		57251034275C09EC0074E011 /* Build configuration list for PBXNativeTarget "CloneApp2Tests" */ = {
			isa = XCConfigurationList;
			buildConfigurations = (
				57251035275C09EC0074E011 /* Debug */,
				57251036275C09EC0074E011 /* Release */,
			);
			defaultConfigurationIsVisible = 0;
			defaultConfigurationName = Release;
		};
		57251037275C09EC0074E011 /* Build configuration list for PBXNativeTarget "CloneApp2UITests" */ = {
			isa = XCConfigurationList;
			buildConfigurations = (
				57251038275C09EC0074E011 /* Debug */,
				57251039275C09EC0074E011 /* Release */,
			);
			defaultConfigurationIsVisible = 0;
			defaultConfigurationName = Release;
		};
/* End XCConfigurationList section */
	};
	rootObject = 57250FFF275C09EB0074E011 /* Project object */;
}
